
Microsoft Visual Studio Solution File, Format Version 12.00
# Visual Studio Version 16
VisualStudioVersion = 25.0.1705.5
MinimumVisualStudioVersion = 10.0.40219.1
Project("{FAE04EC0-301F-11D3-BF4B-00C04F79EFBC}") = "Blockpasstest.iOS", "Blockpasstest.iOS.csproj", "{656FA84E-9971-4FD3-A423-D86FB2325898}"
EndProject
Global
	GlobalSection(SolutionConfigurationPlatforms) = preSolution
		Debug|iPhoneSimulator = Debug|iPhoneSimulator
		Release|iPhoneSimulator = Release|iPhoneSimulator
		Debug|iPhone = Debug|iPhone
		Release|iPhone = Release|iPhone
	EndGlobalSection
	GlobalSection(ProjectConfigurationPlatforms) = postSolution
		{656FA84E-9971-4FD3-A423-D86FB2325898}.Debug|iPhoneSimulator.ActiveCfg = Debug|iPhoneSimulator
		{656FA84E-9971-4FD3-A423-D86FB2325898}.Debug|iPhoneSimulator.Build.0 = Debug|iPhoneSimulator
		{656FA84E-9971-4FD3-A423-D86FB2325898}.Release|iPhoneSimulator.ActiveCfg = Release|iPhoneSimulator
		{656FA84E-9971-4FD3-A423-D86FB2325898}.Release|iPhoneSimulator.Build.0 = Release|iPhoneSimulator
		{656FA84E-9971-4FD3-A423-D86FB2325898}.Debug|iPhone.ActiveCfg = Debug|iPhone
		{656FA84E-9971-4FD3-A423-D86FB2325898}.Debug|iPhone.Build.0 = Debug|iPhone
		{656FA84E-9971-4FD3-A423-D86FB2325898}.Release|iPhone.ActiveCfg = Release|iPhone
		{656FA84E-9971-4FD3-A423-D86FB2325898}.Release|iPhone.Build.0 = Release|iPhone
	EndGlobalSection
	GlobalSection(SolutionProperties) = preSolution
		HideSolutionNode = FALSE
	EndGlobalSection
	GlobalSection(ExtensibilityGlobals) = postSolution
		SolutionGuid = {2CEA769E-8B1A-4BB7-8D92-43BD7182F34A}
	EndGlobalSection
EndGlobal
